
Microsoft Visual Studio Solution File, Format Version 12.00
# Visual Studio Version 17
VisualStudioVersion = 17.2.32630.192
MinimumVisualStudioVersion = 10.0.40219.1
Project("{9A19103F-16F7-4668-BE54-9A1E7A4F7556}") = "RealEstateAPI", "RealEstateAPI\RealEstateAPI.csproj", "{8AACFF22-0317-4721-8D26-45C3E6BC60D5}"
EndProject
Project("{2150E333-8FDC-42A3-9474-1A3956D46DE8}") = "Solution Items", "Solution Items", "{DC339E5C-5340-4E46-A9EC-FAAFBFA88BA0}"
	ProjectSection(SolutionItems) = preProject
		.editorconfig = .editorconfig
	EndProjectSection
EndProject
Project("{FAE04EC0-301F-11D3-BF4B-00C04F79EFBC}") = "QuotesAPI", "QuotesAPI\QuotesAPI.csproj", "{A5EE6584-8B6F-4418-978F-200F7A06EAA8}"
EndProject
Global
	GlobalSection(SolutionConfigurationPlatforms) = preSolution
		Debug|Any CPU = Debug|Any CPU
		Release|Any CPU = Release|Any CPU
	EndGlobalSection
	GlobalSection(ProjectConfigurationPlatforms) = postSolution
		{8AACFF22-0317-4721-8D26-45C3E6BC60D5}.Debug|Any CPU.ActiveCfg = Debug|Any CPU
		{8AACFF22-0317-4721-8D26-45C3E6BC60D5}.Debug|Any CPU.Build.0 = Debug|Any CPU
		{8AACFF22-0317-4721-8D26-45C3E6BC60D5}.Release|Any CPU.ActiveCfg = Release|Any CPU
		{8AACFF22-0317-4721-8D26-45C3E6BC60D5}.Release|Any CPU.Build.0 = Release|Any CPU
		{A5EE6584-8B6F-4418-978F-200F7A06EAA8}.Debug|Any CPU.ActiveCfg = Debug|Any CPU
		{A5EE6584-8B6F-4418-978F-200F7A06EAA8}.Debug|Any CPU.Build.0 = Debug|Any CPU
		{A5EE6584-8B6F-4418-978F-200F7A06EAA8}.Release|Any CPU.ActiveCfg = Release|Any CPU
		{A5EE6584-8B6F-4418-978F-200F7A06EAA8}.Release|Any CPU.Build.0 = Release|Any CPU
	EndGlobalSection
	GlobalSection(SolutionProperties) = preSolution
		HideSolutionNode = FALSE
	EndGlobalSection
	GlobalSection(ExtensibilityGlobals) = postSolution
		SolutionGuid = {01B26EAC-CF18-4BB7-A62A-A27C34523270}
	EndGlobalSection
EndGlobal
